# THIS IS AN AUTOGENERATED FILE. DO NOT EDIT THIS FILE DIRECTLY.
# yarn lockfile v1


vue2-timepicker@^1.1.4:
  version "1.1.4"
  resolved "https://registry.npm.taobao.org/vue2-timepicker/download/vue2-timepicker-1.1.4.tgz#57eb8a461052461c3d6503ca861bc671e181c39b"
  integrity sha1-V+uKRhBSRhw9ZQPKhhvGceGBw5s=
